schema: '2.0'
stages:
  load_data:
    cmd: python src/load_data.py --config=params.yaml
    deps:
    - path: data_given/winequality.csv
      md5: ccc8d3507eb151f53f760d36abdef888
      size: 91998
    - path: src/get_data.py
      md5: 402cefd1c0c3983673cfbf78d1996a93
      size: 570
    - path: src/load_data.py
      md5: 6a56c8243119e3c79357bd9d6934a1d3
      size: 531
    outs:
    - path: data/raw/winequality.csv
      md5: d98e8f2eca228c11c4de1cc96866a54d
      size: 91998
  split_data:
    cmd: python src/split_data.py --config=params.yaml
    deps:
    - path: data/raw/winequality.csv
      md5: d98e8f2eca228c11c4de1cc96866a54d
      size: 91998
    - path: src/get_data.py
      md5: 402cefd1c0c3983673cfbf78d1996a93
      size: 570
    - path: src/split_data.py
      md5: 011b9d7e5df79612d3e9a963d9eb3371
      size: 811
    outs:
    - path: data/processed/test_winequality.csv
      md5: 61c8795e355c18440d7bbaae25c0a4fb
      size: 19892
    - path: data/processed/train_winequality.csv
      md5: f2aa3bd0c97468b7110f957a1ed59f54
      size: 79138
